
Microsoft Visual Studio Solution File, Format Version 12.00
# Visual Studio Version 17
VisualStudioVersion = 17.11.35312.102
MinimumVisualStudioVersion = 10.0.40219.1
Project("{2150E333-8FDC-42A3-9474-1A3956D46DE8}") = "Presentation", "Presentation", "{AF487047-ABDE-4C53-B346-8C5AFA31C1F1}"
EndProject
Project("{9A19103F-16F7-4668-BE54-9A1E7A4F7556}") = "WebApi", "WebApi\WebApi.csproj", "{EB48F72F-A359-4E94-9484-618AAD625C68}"
EndProject
Project("{2150E333-8FDC-42A3-9474-1A3956D46DE8}") = "Core", "Core", "{561C0361-A048-476C-84C5-C5C823E3E3B4}"
EndProject
Project("{9A19103F-16F7-4668-BE54-9A1E7A4F7556}") = "Domain", "Domain\Domain.csproj", "{3A79A5E6-D7BE-431F-BC9F-DB5B5B6D7FFD}"
EndProject
Project("{2150E333-8FDC-42A3-9474-1A3956D46DE8}") = "Infrastructure", "Infrastructure", "{75350898-553D-4BB6-8A4C-D7000275397A}"
EndProject
Project("{9A19103F-16F7-4668-BE54-9A1E7A4F7556}") = "Persistence", "Persistence\Persistence.csproj", "{8CF3C04D-D9E3-4158-9CF6-C5DAC3FE78C7}"
EndProject
Project("{FAE04EC0-301F-11D3-BF4B-00C04F79EFBC}") = "Application", "Application\Application.csproj", "{70BEA344-1EFD-437A-83EC-406A16DEA609}"
EndProject
Global
	GlobalSection(SolutionConfigurationPlatforms) = preSolution
		Debug|Any CPU = Debug|Any CPU
		Release|Any CPU = Release|Any CPU
	EndGlobalSection
	GlobalSection(ProjectConfigurationPlatforms) = postSolution
		{EB48F72F-A359-4E94-9484-618AAD625C68}.Debug|Any CPU.ActiveCfg = Debug|Any CPU
		{EB48F72F-A359-4E94-9484-618AAD625C68}.Debug|Any CPU.Build.0 = Debug|Any CPU
		{EB48F72F-A359-4E94-9484-618AAD625C68}.Release|Any CPU.ActiveCfg = Release|Any CPU
		{EB48F72F-A359-4E94-9484-618AAD625C68}.Release|Any CPU.Build.0 = Release|Any CPU
		{3A79A5E6-D7BE-431F-BC9F-DB5B5B6D7FFD}.Debug|Any CPU.ActiveCfg = Debug|Any CPU
		{3A79A5E6-D7BE-431F-BC9F-DB5B5B6D7FFD}.Debug|Any CPU.Build.0 = Debug|Any CPU
		{3A79A5E6-D7BE-431F-BC9F-DB5B5B6D7FFD}.Release|Any CPU.ActiveCfg = Release|Any CPU
		{3A79A5E6-D7BE-431F-BC9F-DB5B5B6D7FFD}.Release|Any CPU.Build.0 = Release|Any CPU
		{8CF3C04D-D9E3-4158-9CF6-C5DAC3FE78C7}.Debug|Any CPU.ActiveCfg = Debug|Any CPU
		{8CF3C04D-D9E3-4158-9CF6-C5DAC3FE78C7}.Debug|Any CPU.Build.0 = Debug|Any CPU
		{8CF3C04D-D9E3-4158-9CF6-C5DAC3FE78C7}.Release|Any CPU.ActiveCfg = Release|Any CPU
		{8CF3C04D-D9E3-4158-9CF6-C5DAC3FE78C7}.Release|Any CPU.Build.0 = Release|Any CPU
		{70BEA344-1EFD-437A-83EC-406A16DEA609}.Debug|Any CPU.ActiveCfg = Debug|Any CPU
		{70BEA344-1EFD-437A-83EC-406A16DEA609}.Debug|Any CPU.Build.0 = Debug|Any CPU
		{70BEA344-1EFD-437A-83EC-406A16DEA609}.Release|Any CPU.ActiveCfg = Release|Any CPU
		{70BEA344-1EFD-437A-83EC-406A16DEA609}.Release|Any CPU.Build.0 = Release|Any CPU
	EndGlobalSection
	GlobalSection(SolutionProperties) = preSolution
		HideSolutionNode = FALSE
	EndGlobalSection
	GlobalSection(NestedProjects) = preSolution
		{EB48F72F-A359-4E94-9484-618AAD625C68} = {AF487047-ABDE-4C53-B346-8C5AFA31C1F1}
		{3A79A5E6-D7BE-431F-BC9F-DB5B5B6D7FFD} = {561C0361-A048-476C-84C5-C5C823E3E3B4}
		{8CF3C04D-D9E3-4158-9CF6-C5DAC3FE78C7} = {75350898-553D-4BB6-8A4C-D7000275397A}
		{70BEA344-1EFD-437A-83EC-406A16DEA609} = {561C0361-A048-476C-84C5-C5C823E3E3B4}
	EndGlobalSection
	GlobalSection(ExtensibilityGlobals) = postSolution
		SolutionGuid = {8BCFB513-C0AD-4479-9547-6F1068E4C038}
	EndGlobalSection
EndGlobal
